post:
  tags:
    - Transfers
  summary: Lock token
  description: Starts cross-chain transfer. Generates transaction to that will lock your token on source chain
  operationId: lockRequest
  responses:
    '200':
      description: Success
      content:
        application/json:
          schema:
            type: object
            properties:
              data:
                $ref: '#/components/schemas/Transaction'
    '401':
      description: blob creation not allowed
      content:
        application/vnd.api+json:
          schema:
            $ref: '#/components/schemas/Errors'
    '404':
      description: account does not exist
      content:
        application/vnd.api+json:
          schema:
            $ref: '#/components/schemas/Errors'
    '500':
      description: failed to save blob
      content:
        application/vnd.api+json:
          schema:
            $ref: '#/components/schemas/Errors'
  requestBody:
    content:
      application/json:
        schema:
          type: object
          required:
            - data
          properties:
            data:
              $ref: '#/components/schemas/LockRequest'
